{
    "hash": "e1258250040b3748a1353c3a99fe1eaa",
    "packages": [
        {
            "package": "mikey179/vfsStream",
            "version": "v1.1.0-beta1"
        }
    ],
    "packages-dev": null,
    "aliases": [

    ],
    "minimum-stability": "stable",
    "stability-flags": {
        "mikey179/vfsstream": 10
    }
}
